
Microsoft Visual Studio Solution File, Format Version 12.00
# Visual Studio Version 17
VisualStudioVersion = 17.5.002.0
MinimumVisualStudioVersion = 10.0.40219.1
Project("{2150E333-8FDC-42A3-9474-1A3956D46DE8}") = "sandbox", "sandbox", "{8C7C7F76-AEA4-4DB8-9EC7-33590DF14CB2}"
EndProject
Project("{9A19103F-16F7-4668-BE54-9A1E7A4F7556}") = "sandbox_project", "sandbox\sandbox_project\sandbox_project.csproj", "{3081489E-D8BC-409F-AA4C-249FEFDAD047}"
EndProject
Project("{2150E333-8FDC-42A3-9474-1A3956D46DE8}") = "week01", "week01", "{0FC237E4-6EF3-482C-968B-63B737EC7676}"
EndProject
Project("{9A19103F-16F7-4668-BE54-9A1E7A4F7556}") = "analyze", "week01\analyze\analyze.csproj", "{F5B440F1-D256-4898-93F3-B718A41E70E9}"
EndProject
Project("{9A19103F-16F7-4668-BE54-9A1E7A4F7556}") = "code", "week01\code\code.csproj", "{22DF1299-EA7B-4F1B-A8C6-BFC320FAB06C}"
EndProject
Project("{9A19103F-16F7-4668-BE54-9A1E7A4F7556}") = "teach", "week01\teach\teach.csproj", "{205B3709-6465-45BD-8C4E-467A46A646DD}"
EndProject
Project("{2150E333-8FDC-42A3-9474-1A3956D46DE8}") = "week02", "week02", "{3FC49259-3079-4A25-AE36-3CA66D63F420}"
EndProject
Project("{9A19103F-16F7-4668-BE54-9A1E7A4F7556}") = "analyze", "week02\analyze\analyze.csproj", "{A232A729-6212-46B6-85DF-2A9B9D61B7A4}"
EndProject
Project("{9A19103F-16F7-4668-BE54-9A1E7A4F7556}") = "code", "week02\code\code.csproj", "{9AFEB4A3-2838-4730-93C6-66497BFD0094}"
EndProject
Project("{9A19103F-16F7-4668-BE54-9A1E7A4F7556}") = "learn", "week02\learn\learn.csproj", "{406A934E-AFEC-4D56-9B58-6784EF8F8B58}"
EndProject
Project("{9A19103F-16F7-4668-BE54-9A1E7A4F7556}") = "teach", "week02\teach\teach.csproj", "{C5F15FE8-63B4-4E26-940A-10267D2976DA}"
EndProject
Project("{2150E333-8FDC-42A3-9474-1A3956D46DE8}") = "week03", "week03", "{37C90DC0-FE17-428B-A11F-D26A8CA74AF6}"
EndProject
Project("{9A19103F-16F7-4668-BE54-9A1E7A4F7556}") = "code", "week03\code\code.csproj", "{AE8ECEBF-F887-411F-95BE-C835D52C1A15}"
EndProject
Project("{9A19103F-16F7-4668-BE54-9A1E7A4F7556}") = "learn", "week03\learn\learn.csproj", "{5C1C88AD-E49C-4D6E-A72E-238E128E2B8A}"
EndProject
Project("{9A19103F-16F7-4668-BE54-9A1E7A4F7556}") = "teach", "week03\teach\teach.csproj", "{8B6C6AA4-0780-4743-88B8-E7842A467C02}"
EndProject
Project("{2150E333-8FDC-42A3-9474-1A3956D46DE8}") = "week04", "week04", "{F0825ED0-9875-4166-86F3-106E7A0B6510}"
EndProject
Project("{9A19103F-16F7-4668-BE54-9A1E7A4F7556}") = "code", "week04\code\code.csproj", "{6EA7A54A-EBDB-474D-BFC4-4E9769D88346}"
EndProject
Project("{2150E333-8FDC-42A3-9474-1A3956D46DE8}") = "week05", "week05", "{0D1C4956-2835-47C8-900B-0FDA9C79A2F5}"
EndProject
Project("{9A19103F-16F7-4668-BE54-9A1E7A4F7556}") = "code", "week05\code\code.csproj", "{546CB7CC-F15E-40C1-8175-44E8B0D6DB4F}"
EndProject
Project("{2150E333-8FDC-42A3-9474-1A3956D46DE8}") = "week06", "week06", "{8F0AEBB8-918C-44D4-B0BD-2620D6A810B1}"
EndProject
Project("{9A19103F-16F7-4668-BE54-9A1E7A4F7556}") = "code", "week06\code\code.csproj", "{5A866132-81A5-4298-81D1-CBC6010D0132}"
EndProject
Global
	GlobalSection(SolutionConfigurationPlatforms) = preSolution
		Debug|Any CPU = Debug|Any CPU
		Release|Any CPU = Release|Any CPU
	EndGlobalSection
	GlobalSection(ProjectConfigurationPlatforms) = postSolution
		{3081489E-D8BC-409F-AA4C-249FEFDAD047}.Debug|Any CPU.ActiveCfg = Debug|Any CPU
		{3081489E-D8BC-409F-AA4C-249FEFDAD047}.Debug|Any CPU.Build.0 = Debug|Any CPU
		{3081489E-D8BC-409F-AA4C-249FEFDAD047}.Release|Any CPU.ActiveCfg = Release|Any CPU
		{3081489E-D8BC-409F-AA4C-249FEFDAD047}.Release|Any CPU.Build.0 = Release|Any CPU
		{F5B440F1-D256-4898-93F3-B718A41E70E9}.Debug|Any CPU.ActiveCfg = Debug|Any CPU
		{F5B440F1-D256-4898-93F3-B718A41E70E9}.Debug|Any CPU.Build.0 = Debug|Any CPU
		{F5B440F1-D256-4898-93F3-B718A41E70E9}.Release|Any CPU.ActiveCfg = Release|Any CPU
		{F5B440F1-D256-4898-93F3-B718A41E70E9}.Release|Any CPU.Build.0 = Release|Any CPU
		{22DF1299-EA7B-4F1B-A8C6-BFC320FAB06C}.Debug|Any CPU.ActiveCfg = Debug|Any CPU
		{22DF1299-EA7B-4F1B-A8C6-BFC320FAB06C}.Debug|Any CPU.Build.0 = Debug|Any CPU
		{22DF1299-EA7B-4F1B-A8C6-BFC320FAB06C}.Release|Any CPU.ActiveCfg = Release|Any CPU
		{22DF1299-EA7B-4F1B-A8C6-BFC320FAB06C}.Release|Any CPU.Build.0 = Release|Any CPU
		{205B3709-6465-45BD-8C4E-467A46A646DD}.Debug|Any CPU.ActiveCfg = Debug|Any CPU
		{205B3709-6465-45BD-8C4E-467A46A646DD}.Debug|Any CPU.Build.0 = Debug|Any CPU
		{205B3709-6465-45BD-8C4E-467A46A646DD}.Release|Any CPU.ActiveCfg = Release|Any CPU
		{205B3709-6465-45BD-8C4E-467A46A646DD}.Release|Any CPU.Build.0 = Release|Any CPU
		{A232A729-6212-46B6-85DF-2A9B9D61B7A4}.Debug|Any CPU.ActiveCfg = Debug|Any CPU
		{A232A729-6212-46B6-85DF-2A9B9D61B7A4}.Debug|Any CPU.Build.0 = Debug|Any CPU
		{A232A729-6212-46B6-85DF-2A9B9D61B7A4}.Release|Any CPU.ActiveCfg = Release|Any CPU
		{A232A729-6212-46B6-85DF-2A9B9D61B7A4}.Release|Any CPU.Build.0 = Release|Any CPU
		{9AFEB4A3-2838-4730-93C6-66497BFD0094}.Debug|Any CPU.ActiveCfg = Debug|Any CPU
		{9AFEB4A3-2838-4730-93C6-66497BFD0094}.Debug|Any CPU.Build.0 = Debug|Any CPU
		{9AFEB4A3-2838-4730-93C6-66497BFD0094}.Release|Any CPU.ActiveCfg = Release|Any CPU
		{9AFEB4A3-2838-4730-93C6-66497BFD0094}.Release|Any CPU.Build.0 = Release|Any CPU
		{406A934E-AFEC-4D56-9B58-6784EF8F8B58}.Debug|Any CPU.ActiveCfg = Debug|Any CPU
		{406A934E-AFEC-4D56-9B58-6784EF8F8B58}.Debug|Any CPU.Build.0 = Debug|Any CPU
		{406A934E-AFEC-4D56-9B58-6784EF8F8B58}.Release|Any CPU.ActiveCfg = Release|Any CPU
		{406A934E-AFEC-4D56-9B58-6784EF8F8B58}.Release|Any CPU.Build.0 = Release|Any CPU
		{C5F15FE8-63B4-4E26-940A-10267D2976DA}.Debug|Any CPU.ActiveCfg = Debug|Any CPU
		{C5F15FE8-63B4-4E26-940A-10267D2976DA}.Debug|Any CPU.Build.0 = Debug|Any CPU
		{C5F15FE8-63B4-4E26-940A-10267D2976DA}.Release|Any CPU.ActiveCfg = Release|Any CPU
		{C5F15FE8-63B4-4E26-940A-10267D2976DA}.Release|Any CPU.Build.0 = Release|Any CPU
		{AE8ECEBF-F887-411F-95BE-C835D52C1A15}.Debug|Any CPU.ActiveCfg = Debug|Any CPU
		{AE8ECEBF-F887-411F-95BE-C835D52C1A15}.Debug|Any CPU.Build.0 = Debug|Any CPU
		{AE8ECEBF-F887-411F-95BE-C835D52C1A15}.Release|Any CPU.ActiveCfg = Release|Any CPU
		{AE8ECEBF-F887-411F-95BE-C835D52C1A15}.Release|Any CPU.Build.0 = Release|Any CPU
		{5C1C88AD-E49C-4D6E-A72E-238E128E2B8A}.Debug|Any CPU.ActiveCfg = Debug|Any CPU
		{5C1C88AD-E49C-4D6E-A72E-238E128E2B8A}.Debug|Any CPU.Build.0 = Debug|Any CPU
		{5C1C88AD-E49C-4D6E-A72E-238E128E2B8A}.Release|Any CPU.ActiveCfg = Release|Any CPU
		{5C1C88AD-E49C-4D6E-A72E-238E128E2B8A}.Release|Any CPU.Build.0 = Release|Any CPU
		{8B6C6AA4-0780-4743-88B8-E7842A467C02}.Debug|Any CPU.ActiveCfg = Debug|Any CPU
		{8B6C6AA4-0780-4743-88B8-E7842A467C02}.Debug|Any CPU.Build.0 = Debug|Any CPU
		{8B6C6AA4-0780-4743-88B8-E7842A467C02}.Release|Any CPU.ActiveCfg = Release|Any CPU
		{8B6C6AA4-0780-4743-88B8-E7842A467C02}.Release|Any CPU.Build.0 = Release|Any CPU
		{6EA7A54A-EBDB-474D-BFC4-4E9769D88346}.Debug|Any CPU.ActiveCfg = Debug|Any CPU
		{6EA7A54A-EBDB-474D-BFC4-4E9769D88346}.Debug|Any CPU.Build.0 = Debug|Any CPU
		{6EA7A54A-EBDB-474D-BFC4-4E9769D88346}.Release|Any CPU.ActiveCfg = Release|Any CPU
		{6EA7A54A-EBDB-474D-BFC4-4E9769D88346}.Release|Any CPU.Build.0 = Release|Any CPU
		{546CB7CC-F15E-40C1-8175-44E8B0D6DB4F}.Debug|Any CPU.ActiveCfg = Debug|Any CPU
		{546CB7CC-F15E-40C1-8175-44E8B0D6DB4F}.Debug|Any CPU.Build.0 = Debug|Any CPU
		{546CB7CC-F15E-40C1-8175-44E8B0D6DB4F}.Release|Any CPU.ActiveCfg = Release|Any CPU
		{546CB7CC-F15E-40C1-8175-44E8B0D6DB4F}.Release|Any CPU.Build.0 = Release|Any CPU
		{5A866132-81A5-4298-81D1-CBC6010D0132}.Debug|Any CPU.ActiveCfg = Debug|Any CPU
		{5A866132-81A5-4298-81D1-CBC6010D0132}.Debug|Any CPU.Build.0 = Debug|Any CPU
		{5A866132-81A5-4298-81D1-CBC6010D0132}.Release|Any CPU.ActiveCfg = Release|Any CPU
		{5A866132-81A5-4298-81D1-CBC6010D0132}.Release|Any CPU.Build.0 = Release|Any CPU
	EndGlobalSection
	GlobalSection(SolutionProperties) = preSolution
		HideSolutionNode = FALSE
	EndGlobalSection
	GlobalSection(NestedProjects) = preSolution
		{3081489E-D8BC-409F-AA4C-249FEFDAD047} = {8C7C7F76-AEA4-4DB8-9EC7-33590DF14CB2}
		{F5B440F1-D256-4898-93F3-B718A41E70E9} = {0FC237E4-6EF3-482C-968B-63B737EC7676}
		{22DF1299-EA7B-4F1B-A8C6-BFC320FAB06C} = {0FC237E4-6EF3-482C-968B-63B737EC7676}
		{205B3709-6465-45BD-8C4E-467A46A646DD} = {0FC237E4-6EF3-482C-968B-63B737EC7676}
		{A232A729-6212-46B6-85DF-2A9B9D61B7A4} = {3FC49259-3079-4A25-AE36-3CA66D63F420}
		{9AFEB4A3-2838-4730-93C6-66497BFD0094} = {3FC49259-3079-4A25-AE36-3CA66D63F420}
		{406A934E-AFEC-4D56-9B58-6784EF8F8B58} = {3FC49259-3079-4A25-AE36-3CA66D63F420}
		{C5F15FE8-63B4-4E26-940A-10267D2976DA} = {3FC49259-3079-4A25-AE36-3CA66D63F420}
		{AE8ECEBF-F887-411F-95BE-C835D52C1A15} = {37C90DC0-FE17-428B-A11F-D26A8CA74AF6}
		{5C1C88AD-E49C-4D6E-A72E-238E128E2B8A} = {37C90DC0-FE17-428B-A11F-D26A8CA74AF6}
		{8B6C6AA4-0780-4743-88B8-E7842A467C02} = {37C90DC0-FE17-428B-A11F-D26A8CA74AF6}
		{6EA7A54A-EBDB-474D-BFC4-4E9769D88346} = {F0825ED0-9875-4166-86F3-106E7A0B6510}
		{546CB7CC-F15E-40C1-8175-44E8B0D6DB4F} = {0D1C4956-2835-47C8-900B-0FDA9C79A2F5}
		{5A866132-81A5-4298-81D1-CBC6010D0132} = {8F0AEBB8-918C-44D4-B0BD-2620D6A810B1}
	EndGlobalSection
	GlobalSection(ExtensibilityGlobals) = postSolution
		SolutionGuid = {9FB28B2F-3FFC-4A5B-A212-3FFE26F50FAF}
	EndGlobalSection
EndGlobal
